// !$*UTF8*$!
{
	archiveVersion = 1;
	classes = {
	};
	objectVersion = 50;
	objects = {

/* Begin PBXBuildFile section */
		BD6ECD6325C3D35500B9421B /* SpreadCALApp.swift in Sources */ = {isa = PBXBuildFile; fileRef = BD6ECD6225C3D35500B9421B /* SpreadCALApp.swift */; };
		BD6ECD6525C3D35500B9421B /* ContentView.swift in Sources */ = {isa = PBXBuildFile; fileRef = BD6ECD6425C3D35500B9421B /* ContentView.swift */; };
		BD6ECD6725C3D35700B9421B /* Assets.xcassets in Resources */ = {isa = PBXBuildFile; fileRef = BD6ECD6625C3D35700B9421B /* Assets.xcassets */; };
		BD6ECD6A25C3D35700B9421B /* Preview Assets.xcassets in Resources */ = {isa = PBXBuildFile; fileRef = BD6ECD6925C3D35700B9421B /* Preview Assets.xcassets */; };
		BD6ECD7525C3D35700B9421B /* SpreadCALTests.swift in Sources */ = {isa = PBXBuildFile; fileRef = BD6ECD7425C3D35700B9421B /* SpreadCALTests.swift */; };
		BD6ECD8025C3D35700B9421B /* SpreadCALUITests.swift in Sources */ = {isa = PBXBuildFile; fileRef = BD6ECD7F25C3D35700B9421B /* SpreadCALUITests.swift */; };
/* End PBXBuildFile section */

/* Begin PBXContainerItemProxy section */
		BD6ECD7125C3D35700B9421B /* PBXContainerItemProxy */ = {
			isa = PBXContainerItemProxy;
			containerPortal = BD6ECD5725C3D35500B9421B /* Project object */;
			proxyType = 1;
			remoteGlobalIDString = BD6ECD5E25C3D35500B9421B;
			remoteInfo = SpreadCAL;
		};
		BD6ECD7C25C3D35700B9421B /* PBXContainerItemProxy */ = {
			isa = PBXContainerItemProxy;
			containerPortal = BD6ECD5725C3D35500B9421B /* Project object */;
			proxyType = 1;
			remoteGlobalIDString = BD6ECD5E25C3D35500B9421B;
			remoteInfo = SpreadCAL;
		};
/* End PBXContainerItemProxy section */

/* Begin PBXFileReference section */
		BD6ECD5F25C3D35500B9421B /* SpreadCAL.app */ = {isa = PBXFileReference; explicitFileType = wrapper.application; includeInIndex = 0; path = SpreadCAL.app; sourceTree = BUILT_PRODUCTS_DIR; };
		BD6ECD6225C3D35500B9421B /* SpreadCALApp.swift */ = {isa = PBXFileReference; lastKnownFileType = sourcecode.swift; path = SpreadCALApp.swift; sourceTree = "<group>"; };
		BD6ECD6425C3D35500B9421B /* ContentView.swift */ = {isa = PBXFileReference; lastKnownFileType = sourcecode.swift; path = ContentView.swift; sourceTree = "<group>"; };
		BD6ECD6625C3D35700B9421B /* Assets.xcassets */ = {isa = PBXFileReference; lastKnownFileType = folder.assetcatalog; path = Assets.xcassets; sourceTree = "<group>"; };
		BD6ECD6925C3D35700B9421B /* Preview Assets.xcassets */ = {isa = PBXFileReference; lastKnownFileType = folder.assetcatalog; path = "Preview Assets.xcassets"; sourceTree = "<group>"; };
		BD6ECD6B25C3D35700B9421B /* Info.plist */ = {isa = PBXFileReference; lastKnownFileType = text.plist.xml; path = Info.plist; sourceTree = "<group>"; };
		BD6ECD7025C3D35700B9421B /* SpreadCALTests.xctest */ = {isa = PBXFileReference; explicitFileType = wrapper.cfbundle; includeInIndex = 0; path = SpreadCALTests.xctest; sourceTree = BUILT_PRODUCTS_DIR; };
		BD6ECD7425C3D35700B9421B /* SpreadCALTests.swift */ = {isa = PBXFileReference; lastKnownFileType = sourcecode.swift; path = SpreadCALTests.swift; sourceTree = "<group>"; };
		BD6ECD7625C3D35700B9421B /* Info.plist */ = {isa = PBXFileReference; lastKnownFileType = text.plist.xml; path = Info.plist; sourceTree = "<group>"; };
		BD6ECD7B25C3D35700B9421B /* SpreadCALUITests.xctest */ = {isa = PBXFileReference; explicitFileType = wrapper.cfbundle; includeInIndex = 0; path = SpreadCALUITests.xctest; sourceTree = BUILT_PRODUCTS_DIR; };
		BD6ECD7F25C3D35700B9421B /* SpreadCALUITests.swift */ = {isa = PBXFileReference; lastKnownFileType = sourcecode.swift; path = SpreadCALUITests.swift; sourceTree = "<group>"; };
		BD6ECD8125C3D35700B9421B /* Info.plist */ = {isa = PBXFileReference; lastKnownFileType = text.plist.xml; path = Info.plist; sourceTree = "<group>"; };
/* End PBXFileReference section */

/* Begin PBXFrameworksBuildPhase section */
		BD6ECD5C25C3D35500B9421B /* Frameworks */ = {
			isa = PBXFrameworksBuildPhase;
			buildActionMask = 2147483647;
			files = (
			);
			runOnlyForDeploymentPostprocessing = 0;
		};
		BD6ECD6D25C3D35700B9421B /* Frameworks */ = {
			isa = PBXFrameworksBuildPhase;
			buildActionMask = 2147483647;
			files = (
			);
			runOnlyForDeploymentPostprocessing = 0;
		};
		BD6ECD7825C3D35700B9421B /* Frameworks */ = {
			isa = PBXFrameworksBuildPhase;
			buildActionMask = 2147483647;
			files = (
			);
			runOnlyForDeploymentPostprocessing = 0;
		};
/* End PBXFrameworksBuildPhase section */

/* Begin PBXGroup section */
		BD6ECD5625C3D35500B9421B = {
			isa = PBXGroup;
			children = (
				BD6ECD6125C3D35500B9421B /* SpreadCAL */,
				BD6ECD7325C3D35700B9421B /* SpreadCALTests */,
				BD6ECD7E25C3D35700B9421B /* SpreadCALUITests */,
				BD6ECD6025C3D35500B9421B /* Products */,
			);
			sourceTree = "<group>";
		};
		BD6ECD6025C3D35500B9421B /* Products */ = {
			isa = PBXGroup;
			children = (
				BD6ECD5F25C3D35500B9421B /* SpreadCAL.app */,
				BD6ECD7025C3D35700B9421B /* SpreadCALTests.xctest */,
				BD6ECD7B25C3D35700B9421B /* SpreadCALUITests.xctest */,
			);
			name = Products;
			sourceTree = "<group>";
		};
		BD6ECD6125C3D35500B9421B /* SpreadCAL */ = {
			isa = PBXGroup;
			children = (
				BD6ECD6225C3D35500B9421B /* SpreadCALApp.swift */,
				BD6ECD6425C3D35500B9421B /* ContentView.swift */,
				BD6ECD6625C3D35700B9421B /* Assets.xcassets */,
				BD6ECD6B25C3D35700B9421B /* Info.plist */,
				BD6ECD6825C3D35700B9421B /* Preview Content */,
			);
			path = SpreadCAL;
			sourceTree = "<group>";
		};
		BD6ECD6825C3D35700B9421B /* Preview Content */ = {
			isa = PBXGroup;
			children = (
				BD6ECD6925C3D35700B9421B /* Preview Assets.xcassets */,
			);
			path = "Preview Content";
			sourceTree = "<group>";
		};
		BD6ECD7325C3D35700B9421B /* SpreadCALTests */ = {
			isa = PBXGroup;
			children = (
				BD6ECD7425C3D35700B9421B /* SpreadCALTests.swift */,
				BD6ECD7625C3D35700B9421B /* Info.plist */,
			);
			path = SpreadCALTests;
			sourceTree = "<group>";
		};
		BD6ECD7E25C3D35700B9421B /* SpreadCALUITests */ = {
			isa = PBXGroup;
			children = (
				BD6ECD7F25C3D35700B9421B /* SpreadCALUITests.swift */,
				BD6ECD8125C3D35700B9421B /* Info.plist */,
			);
			path = SpreadCALUITests;
			sourceTree = "<group>";
		};
/* End PBXGroup section */

/* Begin PBXNativeTarget section */
		BD6ECD5E25C3D35500B9421B /* SpreadCAL */ = {
			isa = PBXNativeTarget;
			buildConfigurationList = BD6ECD8425C3D35700B9421B /* Build configuration list for PBXNativeTarget "SpreadCAL" */;
			buildPhases = (
				BD6ECD5B25C3D35500B9421B /* Sources */,
				BD6ECD5C25C3D35500B9421B /* Frameworks */,
				BD6ECD5D25C3D35500B9421B /* Resources */,
			);
			buildRules = (
			);
			dependencies = (
			);
			name = SpreadCAL;
			productName = SpreadCAL;
			productReference = BD6ECD5F25C3D35500B9421B /* SpreadCAL.app */;
			productType = "com.apple.product-type.application";
		};
		BD6ECD6F25C3D35700B9421B /* SpreadCALTests */ = {
			isa = PBXNativeTarget;
			buildConfigurationList = BD6ECD8725C3D35700B9421B /* Build configuration list for PBXNativeTarget "SpreadCALTests" */;
			buildPhases = (
				BD6ECD6C25C3D35700B9421B /* Sources */,
				BD6ECD6D25C3D35700B9421B /* Frameworks */,
				BD6ECD6E25C3D35700B9421B /* Resources */,
			);
			buildRules = (
			);
			dependencies = (
				BD6ECD7225C3D35700B9421B /* PBXTargetDependency */,
			);
			name = SpreadCALTests;
			productName = SpreadCALTests;
			productReference = BD6ECD7025C3D35700B9421B /* SpreadCALTests.xctest */;
			productType = "com.apple.product-type.bundle.unit-test";
		};
		BD6ECD7A25C3D35700B9421B /* SpreadCALUITests */ = {
			isa = PBXNativeTarget;
			buildConfigurationList = BD6ECD8A25C3D35700B9421B /* Build configuration list for PBXNativeTarget "SpreadCALUITests" */;
			buildPhases = (
				BD6ECD7725C3D35700B9421B /* Sources */,
				BD6ECD7825C3D35700B9421B /* Frameworks */,
				BD6ECD7925C3D35700B9421B /* Resources */,
			);
			buildRules = (
			);
			dependencies = (
				BD6ECD7D25C3D35700B9421B /* PBXTargetDependency */,
			);
			name = SpreadCALUITests;
			productName = SpreadCALUITests;
			productReference = BD6ECD7B25C3D35700B9421B /* SpreadCALUITests.xctest */;
			productType = "com.apple.product-type.bundle.ui-testing";
		};
/* End PBXNativeTarget section */

/* Begin PBXProject section */
		BD6ECD5725C3D35500B9421B /* Project object */ = {
			isa = PBXProject;
			attributes = {
				LastSwiftUpdateCheck = 1240;
				LastUpgradeCheck = 1240;
				TargetAttributes = {
					BD6ECD5E25C3D35500B9421B = {
						CreatedOnToolsVersion = 12.4;
					};
					BD6ECD6F25C3D35700B9421B = {
						CreatedOnToolsVersion = 12.4;
						TestTargetID = BD6ECD5E25C3D35500B9421B;
					};
					BD6ECD7A25C3D35700B9421B = {
						CreatedOnToolsVersion = 12.4;
						TestTargetID = BD6ECD5E25C3D35500B9421B;
					};
				};
			};
			buildConfigurationList = BD6ECD5A25C3D35500B9421B /* Build configuration list for PBXProject "SpreadCAL" */;
			compatibilityVersion = "Xcode 9.3";
			developmentRegion = en;
			hasScannedForEncodings = 0;
			knownRegions = (
				en,
				Base,
			);
			mainGroup = BD6ECD5625C3D35500B9421B;
			productRefGroup = BD6ECD6025C3D35500B9421B /* Products */;
			projectDirPath = "";
			projectRoot = "";
			targets = (
				BD6ECD5E25C3D35500B9421B /* SpreadCAL */,
				BD6ECD6F25C3D35700B9421B /* SpreadCALTests */,
				BD6ECD7A25C3D35700B9421B /* SpreadCALUITests */,
			);
		};
/* End PBXProject section */

/* Begin PBXResourcesBuildPhase section */
		BD6ECD5D25C3D35500B9421B /* Resources */ = {
			isa = PBXResourcesBuildPhase;
			buildActionMask = 2147483647;
			files = (
				BD6ECD6A25C3D35700B9421B /* Preview Assets.xcassets in Resources */,
				BD6ECD6725C3D35700B9421B /* Assets.xcassets in Resources */,
			);
			runOnlyForDeploymentPostprocessing = 0;
		};
		BD6ECD6E25C3D35700B9421B /* Resources */ = {
			isa = PBXResourcesBuildPhase;
			buildActionMask = 2147483647;
			files = (
			);
			runOnlyForDeploymentPostprocessing = 0;
		};
		BD6ECD7925C3D35700B9421B /* Resources */ = {
			isa = PBXResourcesBuildPhase;
			buildActionMask = 2147483647;
			files = (
			);
			runOnlyForDeploymentPostprocessing = 0;
		};
/* End PBXResourcesBuildPhase section */

/* Begin PBXSourcesBuildPhase section */
		BD6ECD5B25C3D35500B9421B /* Sources */ = {
			isa = PBXSourcesBuildPhase;
			buildActionMask = 2147483647;
			files = (
				BD6ECD6525C3D35500B9421B /* ContentView.swift in Sources */,
				BD6ECD6325C3D35500B9421B /* SpreadCALApp.swift in Sources */,
			);
			runOnlyForDeploymentPostprocessing = 0;
		};
		BD6ECD6C25C3D35700B9421B /* Sources */ = {
			isa = PBXSourcesBuildPhase;
			buildActionMask = 2147483647;
			files = (
				BD6ECD7525C3D35700B9421B /* SpreadCALTests.swift in Sources */,
			);
			runOnlyForDeploymentPostprocessing = 0;
		};
		BD6ECD7725C3D35700B9421B /* Sources */ = {
			isa = PBXSourcesBuildPhase;
			buildActionMask = 2147483647;
			files = (
				BD6ECD8025C3D35700B9421B /* SpreadCALUITests.swift in Sources */,
			);
			runOnlyForDeploymentPostprocessing = 0;
		};
/* End PBXSourcesBuildPhase section */

/* Begin PBXTargetDependency section */
		BD6ECD7225C3D35700B9421B /* PBXTargetDependency */ = {
			isa = PBXTargetDependency;
			target = BD6ECD5E25C3D35500B9421B /* SpreadCAL */;
			targetProxy = BD6ECD7125C3D35700B9421B /* PBXContainerItemProxy */;
		};
		BD6ECD7D25C3D35700B9421B /* PBXTargetDependency */ = {
			isa = PBXTargetDependency;
			target = BD6ECD5E25C3D35500B9421B /* SpreadCAL */;
			targetProxy = BD6ECD7C25C3D35700B9421B /* PBXContainerItemProxy */;
		};
/* End PBXTargetDependency section */

/* Begin XCBuildConfiguration section */
		BD6ECD8225C3D35700B9421B /* Debug */ = {
			isa = XCBuildConfiguration;
			buildSettings = {
				ALWAYS_SEARCH_USER_PATHS = NO;
				CLANG_ANALYZER_NONNULL = YES;
				CLANG_ANALYZER_NUMBER_OBJECT_CONVERSION = YES_AGGRESSIVE;
				CLANG_CXX_LANGUAGE_STANDARD = "gnu++14";
				CLANG_CXX_LIBRARY = "libc++";
				CLANG_ENABLE_MODULES = YES;
				CLANG_ENABLE_OBJC_ARC = YES;
				CLANG_ENABLE_OBJC_WEAK = YES;
				CLANG_WARN_BLOCK_CAPTURE_AUTORELEASING = YES;
				CLANG_WARN_BOOL_CONVERSION = YES;
				CLANG_WARN_COMMA = YES;
				CLANG_WARN_CONSTANT_CONVERSION = YES;
				CLANG_WARN_DEPRECATED_OBJC_IMPLEMENTATIONS = YES;
				CLANG_WARN_DIRECT_OBJC_ISA_USAGE = YES_ERROR;
				CLANG_WARN_DOCUMENTATION_COMMENTS = YES;
				CLANG_WARN_EMPTY_BODY = YES;
				CLANG_WARN_ENUM_CONVERSION = YES;
				CLANG_WARN_INFINITE_RECURSION = YES;
				CLANG_WARN_INT_CONVERSION = YES;
				CLANG_WARN_NON_LITERAL_NULL_CONVERSION = YES;
				CLANG_WARN_OBJC_IMPLICIT_RETAIN_SELF = YES;
				CLANG_WARN_OBJC_LITERAL_CONVERSION = YES;
				CLANG_WARN_OBJC_ROOT_CLASS = YES_ERROR;
				CLANG_WARN_QUOTED_INCLUDE_IN_FRAMEWORK_HEADER = YES;
				CLANG_WARN_RANGE_LOOP_ANALYSIS = YES;
				CLANG_WARN_STRICT_PROTOTYPES = YES;
				CLANG_WARN_SUSPICIOUS_MOVE = YES;
				CLANG_WARN_UNGUARDED_AVAILABILITY = YES_AGGRESSIVE;
				CLANG_WARN_UNREACHABLE_CODE = YES;
				CLANG_WARN__DUPLICATE_METHOD_MATCH = YES;
				COPY_PHASE_STRIP = NO;
				DEBUG_INFORMATION_FORMAT = dwarf;
				ENABLE_STRICT_OBJC_MSGSEND = YES;
				ENABLE_TESTABILITY = YES;
				GCC_C_LANGUAGE_STANDARD = gnu11;
				GCC_DYNAMIC_NO_PIC = NO;
				GCC_NO_COMMON_BLOCKS = YES;
				GCC_OPTIMIZATION_LEVEL = 0;
				GCC_PREPROCESSOR_DEFINITIONS = (
					"DEBUG=1",
					"$(inherited)",
				);
				GCC_WARN_64_TO_32_BIT_CONVERSION = YES;
				GCC_WARN_ABOUT_RETURN_TYPE = YES_ERROR;
				GCC_WARN_UNDECLARED_SELECTOR = YES;
				GCC_WARN_UNINITIALIZED_AUTOS = YES_AGGRESSIVE;
				GCC_WARN_UNUSED_FUNCTION = YES;
				GCC_WARN_UNUSED_VARIABLE = YES;
				IPHONEOS_DEPLOYMENT_TARGET = 14.4;
				MTL_ENABLE_DEBUG_INFO = INCLUDE_SOURCE;
				MTL_FAST_MATH = YES;
				ONLY_ACTIVE_ARCH = YES;
				SDKROOT = iphoneos;
				SWIFT_ACTIVE_COMPILATION_CONDITIONS = DEBUG;
				SWIFT_OPTIMIZATION_LEVEL = "-Onone";
			};
			name = Debug;
		};
		BD6ECD8325C3D35700B9421B /* Release */ = {
			isa = XCBuildConfiguration;
			buildSettings = {
				ALWAYS_SEARCH_USER_PATHS = NO;
				CLANG_ANALYZER_NONNULL = YES;
				CLANG_ANALYZER_NUMBER_OBJECT_CONVERSION = YES_AGGRESSIVE;
				CLANG_CXX_LANGUAGE_STANDARD = "gnu++14";
				CLANG_CXX_LIBRARY = "libc++";
				CLANG_ENABLE_MODULES = YES;
				CLANG_ENABLE_OBJC_ARC = YES;
				CLANG_ENABLE_OBJC_WEAK = YES;
				CLANG_WARN_BLOCK_CAPTURE_AUTORELEASING = YES;
				CLANG_WARN_BOOL_CONVERSION = YES;
				CLANG_WARN_COMMA = YES;
				CLANG_WARN_CONSTANT_CONVERSION = YES;
				CLANG_WARN_DEPRECATED_OBJC_IMPLEMENTATIONS = YES;
				CLANG_WARN_DIRECT_OBJC_ISA_USAGE = YES_ERROR;
				CLANG_WARN_DOCUMENTATION_COMMENTS = YES;
				CLANG_WARN_EMPTY_BODY = YES;
				CLANG_WARN_ENUM_CONVERSION = YES;
				CLANG_WARN_INFINITE_RECURSION = YES;
				CLANG_WARN_INT_CONVERSION = YES;
				CLANG_WARN_NON_LITERAL_NULL_CONVERSION = YES;
				CLANG_WARN_OBJC_IMPLICIT_RETAIN_SELF = YES;
				CLANG_WARN_OBJC_LITERAL_CONVERSION = YES;
				CLANG_WARN_OBJC_ROOT_CLASS = YES_ERROR;
				CLANG_WARN_QUOTED_INCLUDE_IN_FRAMEWORK_HEADER = YES;
				CLANG_WARN_RANGE_LOOP_ANALYSIS = YES;
				CLANG_WARN_STRICT_PROTOTYPES = YES;
				CLANG_WARN_SUSPICIOUS_MOVE = YES;
				CLANG_WARN_UNGUARDED_AVAILABILITY = YES_AGGRESSIVE;
				CLANG_WARN_UNREACHABLE_CODE = YES;
				CLANG_WARN__DUPLICATE_METHOD_MATCH = YES;
				COPY_PHASE_STRIP = NO;
				DEBUG_INFORMATION_FORMAT = "dwarf-with-dsym";
				ENABLE_NS_ASSERTIONS = NO;
				ENABLE_STRICT_OBJC_MSGSEND = YES;
				GCC_C_LANGUAGE_STANDARD = gnu11;
				GCC_NO_COMMON_BLOCKS = YES;
				GCC_WARN_64_TO_32_BIT_CONVERSION = YES;
				GCC_WARN_ABOUT_RETURN_TYPE = YES_ERROR;
				GCC_WARN_UNDECLARED_SELECTOR = YES;
				GCC_WARN_UNINITIALIZED_AUTOS = YES_AGGRESSIVE;
				GCC_WARN_UNUSED_FUNCTION = YES;
				GCC_WARN_UNUSED_VARIABLE = YES;
				IPHONEOS_DEPLOYMENT_TARGET = 14.4;
				MTL_ENABLE_DEBUG_INFO = NO;
				MTL_FAST_MATH = YES;
				SDKROOT = iphoneos;
				SWIFT_COMPILATION_MODE = wholemodule;
				SWIFT_OPTIMIZATION_LEVEL = "-O";
				VALIDATE_PRODUCT = YES;
			};
			name = Release;
		};
		BD6ECD8525C3D35700B9421B /* Debug */ = {
			isa = XCBuildConfiguration;
			buildSettings = {
				ASSETCATALOG_COMPILER_APPICON_NAME = AppIcon;
				ASSETCATALOG_COMPILER_GLOBAL_ACCENT_COLOR_NAME = AccentColor;
				CODE_SIGN_STYLE = Automatic;
				DEVELOPMENT_ASSET_PATHS = "\"SpreadCAL/Preview Content\"";
				DEVELOPMENT_TEAM = UCR3P2F4QX;
				ENABLE_PREVIEWS = YES;
				INFOPLIST_FILE = SpreadCAL/Info.plist;
				IPHONEOS_DEPLOYMENT_TARGET = 14.0;
				LD_RUNPATH_SEARCH_PATHS = (
					"$(inherited)",
					"@executable_path/Frameworks",
				);
				PRODUCT_BUNDLE_IDENTIFIER = OSU.zhu.1715.SpreadCAL;
				PRODUCT_NAME = "$(TARGET_NAME)";
				SWIFT_VERSION = 5.0;
				TARGETED_DEVICE_FAMILY = "1,2";
			};
			name = Debug;
		};
		BD6ECD8625C3D35700B9421B /* Release */ = {
			isa = XCBuildConfiguration;
			buildSettings = {
				ASSETCATALOG_COMPILER_APPICON_NAME = AppIcon;
				ASSETCATALOG_COMPILER_GLOBAL_ACCENT_COLOR_NAME = AccentColor;
				CODE_SIGN_STYLE = Automatic;
				DEVELOPMENT_ASSET_PATHS = "\"SpreadCAL/Preview Content\"";
				DEVELOPMENT_TEAM = UCR3P2F4QX;
				ENABLE_PREVIEWS = YES;
				INFOPLIST_FILE = SpreadCAL/Info.plist;
				IPHONEOS_DEPLOYMENT_TARGET = 14.0;
				LD_RUNPATH_SEARCH_PATHS = (
					"$(inherited)",
					"@executable_path/Frameworks",
				);
				PRODUCT_BUNDLE_IDENTIFIER = OSU.zhu.1715.SpreadCAL;
				PRODUCT_NAME = "$(TARGET_NAME)";
				SWIFT_VERSION = 5.0;
				TARGETED_DEVICE_FAMILY = "1,2";
			};
			name = Release;
		};
		BD6ECD8825C3D35700B9421B /* Debug */ = {
			isa = XCBuildConfiguration;
			buildSettings = {
				ALWAYS_EMBED_SWIFT_STANDARD_LIBRARIES = YES;
				BUNDLE_LOADER = "$(TEST_HOST)";
				CODE_SIGN_STYLE = Automatic;
				DEVELOPMENT_TEAM = UCR3P2F4QX;
				INFOPLIST_FILE = SpreadCALTests/Info.plist;
				IPHONEOS_DEPLOYMENT_TARGET = 14.0;
				LD_RUNPATH_SEARCH_PATHS = (
					"$(inherited)",
					"@executable_path/Frameworks",
					"@loader_path/Frameworks",
				);
				PRODUCT_BUNDLE_IDENTIFIER = OSU.zhu.1715.SpreadCALTests;
				PRODUCT_NAME = "$(TARGET_NAME)";
				SWIFT_VERSION = 5.0;
				TARGETED_DEVICE_FAMILY = "1,2";
				TEST_HOST = "$(BUILT_PRODUCTS_DIR)/SpreadCAL.app/SpreadCAL";
			};
			name = Debug;
		};
		BD6ECD8925C3D35700B9421B /* Release */ = {
			isa = XCBuildConfiguration;
			buildSettings = {
				ALWAYS_EMBED_SWIFT_STANDARD_LIBRARIES = YES;
				BUNDLE_LOADER = "$(TEST_HOST)";
				CODE_SIGN_STYLE = Automatic;
				DEVELOPMENT_TEAM = UCR3P2F4QX;
				INFOPLIST_FILE = SpreadCALTests/Info.plist;
				IPHONEOS_DEPLOYMENT_TARGET = 14.0;
				LD_RUNPATH_SEARCH_PATHS = (
					"$(inherited)",
					"@executable_path/Frameworks",
					"@loader_path/Frameworks",
				);
				PRODUCT_BUNDLE_IDENTIFIER = OSU.zhu.1715.SpreadCALTests;
				PRODUCT_NAME = "$(TARGET_NAME)";
				SWIFT_VERSION = 5.0;
				TARGETED_DEVICE_FAMILY = "1,2";
				TEST_HOST = "$(BUILT_PRODUCTS_DIR)/SpreadCAL.app/SpreadCAL";
			};
			name = Release;
		};
		BD6ECD8B25C3D35700B9421B /* Debug */ = {
			isa = XCBuildConfiguration;
			buildSettings = {
				ALWAYS_EMBED_SWIFT_STANDARD_LIBRARIES = YES;
				CODE_SIGN_STYLE = Automatic;
				DEVELOPMENT_TEAM = UCR3P2F4QX;
				INFOPLIST_FILE = SpreadCALUITests/Info.plist;
				LD_RUNPATH_SEARCH_PATHS = (
					"$(inherited)",
					"@executable_path/Frameworks",
					"@loader_path/Frameworks",
				);
				PRODUCT_BUNDLE_IDENTIFIER = OSU.zhu.1715.SpreadCALUITests;
				PRODUCT_NAME = "$(TARGET_NAME)";
				SWIFT_VERSION = 5.0;
				TARGETED_DEVICE_FAMILY = "1,2";
				TEST_TARGET_NAME = SpreadCAL;
			};
			name = Debug;
		};
		BD6ECD8C25C3D35700B9421B /* Release */ = {
			isa = XCBuildConfiguration;
			buildSettings = {
				ALWAYS_EMBED_SWIFT_STANDARD_LIBRARIES = YES;
				CODE_SIGN_STYLE = Automatic;
				DEVELOPMENT_TEAM = UCR3P2F4QX;
				INFOPLIST_FILE = SpreadCALUITests/Info.plist;
				LD_RUNPATH_SEARCH_PATHS = (
					"$(inherited)",
					"@executable_path/Frameworks",
					"@loader_path/Frameworks",
				);
				PRODUCT_BUNDLE_IDENTIFIER = OSU.zhu.1715.SpreadCALUITests;
				PRODUCT_NAME = "$(TARGET_NAME)";
				SWIFT_VERSION = 5.0;
				TARGETED_DEVICE_FAMILY = "1,2";
				TEST_TARGET_NAME = SpreadCAL;
			};
			name = Release;
		};
/* End XCBuildConfiguration section */

/* Begin XCConfigurationList section */
		BD6ECD5A25C3D35500B9421B /* Build configuration list for PBXProject "SpreadCAL" */ = {
			isa = XCConfigurationList;
			buildConfigurations = (
				BD6ECD8225C3D35700B9421B /* Debug */,
				BD6ECD8325C3D35700B9421B /* Release */,
			);
			defaultConfigurationIsVisible = 0;
			defaultConfigurationName = Release;
		};
		BD6ECD8425C3D35700B9421B /* Build configuration list for PBXNativeTarget "SpreadCAL" */ = {
			isa = XCConfigurationList;
			buildConfigurations = (
				BD6ECD8525C3D35700B9421B /* Debug */,
				BD6ECD8625C3D35700B9421B /* Release */,
			);
			defaultConfigurationIsVisible = 0;
			defaultConfigurationName = Release;
		};
		BD6ECD8725C3D35700B9421B /* Build configuration list for PBXNativeTarget "SpreadCALTests" */ = {
			isa = XCConfigurationList;
			buildConfigurations = (
				BD6ECD8825C3D35700B9421B /* Debug */,
				BD6ECD8925C3D35700B9421B /* Release */,
			);
			defaultConfigurationIsVisible = 0;
			defaultConfigurationName = Release;
		};
		BD6ECD8A25C3D35700B9421B /* Build configuration list for PBXNativeTarget "SpreadCALUITests" */ = {
			isa = XCConfigurationList;
			buildConfigurations = (
				BD6ECD8B25C3D35700B9421B /* Debug */,
				BD6ECD8C25C3D35700B9421B /* Release */,
			);
			defaultConfigurationIsVisible = 0;
			defaultConfigurationName = Release;
		};
/* End XCConfigurationList section */
	};
	rootObject = BD6ECD5725C3D35500B9421B /* Project object */;
}
